// !$*UTF8*$!
{
	archiveVersion = 1;
	classes = {
	};
	objectVersion = 46;
	objects = {

/* Begin PBXBuildFile section */
		A911C1FB1BCDD38E00E69070 /* main.swift in Sources */ = {isa = PBXBuildFile; fileRef = A911C1FA1BCDD38E00E69070 /* main.swift */; };
/* End PBXBuildFile section */

/* Begin PBXCopyFilesBuildPhase section */
		A911C1F51BCDD38E00E69070 /* CopyFiles */ = {
			isa = PBXCopyFilesBuildPhase;
			buildActionMask = 2147483647;
			dstPath = /usr/share/man/man1/;
			dstSubfolderSpec = 0;
			files = (
			);
			runOnlyForDeploymentPostprocessing = 1;
		};
/* End PBXCopyFilesBuildPhase section */

/* Begin PBXFileReference section */
		A911C1F71BCDD38E00E69070 /* Calculator-Array-Points */ = {isa = PBXFileReference; explicitFileType = "compiled.mach-o.executable"; includeInIndex = 0; path = "Calculator-Array-Points"; sourceTree = BUILT_PRODUCTS_DIR; };
		A911C1FA1BCDD38E00E69070 /* main.swift */ = {isa = PBXFileReference; lastKnownFileType = sourcecode.swift; path = main.swift; sourceTree = "<group>"; };
/* End PBXFileReference section */

/* Begin PBXFrameworksBuildPhase section */
		A911C1F41BCDD38E00E69070 /* Frameworks */ = {
			isa = PBXFrameworksBuildPhase;
			buildActionMask = 2147483647;
			files = (
			);
			runOnlyForDeploymentPostprocessing = 0;
		};
/* End PBXFrameworksBuildPhase section */

/* Begin PBXGroup section */
		A911C1EE1BCDD38E00E69070 = {
			isa = PBXGroup;
			children = (
				A911C1F91BCDD38E00E69070 /* Calculator-Array-Points */,
				A911C1F81BCDD38E00E69070 /* Products */,
			);
			sourceTree = "<group>";
		};
		A911C1F81BCDD38E00E69070 /* Products */ = {
			isa = PBXGroup;
			children = (
				A911C1F71BCDD38E00E69070 /* Calculator-Array-Points */,
			);
			name = Products;
			sourceTree = "<group>";
		};
		A911C1F91BCDD38E00E69070 /* Calculator-Array-Points */ = {
			isa = PBXGroup;
			children = (
				A911C1FA1BCDD38E00E69070 /* main.swift */,
			);
			path = "Calculator-Array-Points";
			sourceTree = "<group>";
		};
/* End PBXGroup section */

/* Begin PBXNativeTarget section */
		A911C1F61BCDD38E00E69070 /* Calculator-Array-Points */ = {
			isa = PBXNativeTarget;
			buildConfigurationList = A911C1FE1BCDD38E00E69070 /* Build configuration list for PBXNativeTarget "Calculator-Array-Points" */;
			buildPhases = (
				A911C1F31BCDD38E00E69070 /* Sources */,
				A911C1F41BCDD38E00E69070 /* Frameworks */,
				A911C1F51BCDD38E00E69070 /* CopyFiles */,
			);
			buildRules = (
			);
			dependencies = (
			);
			name = "Calculator-Array-Points";
			productName = "Calculator-Array-Points";
			productReference = A911C1F71BCDD38E00E69070 /* Calculator-Array-Points */;
			productType = "com.apple.product-type.tool";
		};
/* End PBXNativeTarget section */

/* Begin PBXProject section */
		A911C1EF1BCDD38E00E69070 /* Project object */ = {
			isa = PBXProject;
			attributes = {
				LastUpgradeCheck = 0700;
				ORGANIZATIONNAME = "Bruce Ng";
				TargetAttributes = {
					A911C1F61BCDD38E00E69070 = {
						CreatedOnToolsVersion = 7.0.1;
					};
				};
			};
			buildConfigurationList = A911C1F21BCDD38E00E69070 /* Build configuration list for PBXProject "Calculator-Array-Points" */;
			compatibilityVersion = "Xcode 3.2";
			developmentRegion = English;
			hasScannedForEncodings = 0;
			knownRegions = (
				en,
			);
			mainGroup = A911C1EE1BCDD38E00E69070;
			productRefGroup = A911C1F81BCDD38E00E69070 /* Products */;
			projectDirPath = "";
			projectRoot = "";
			targets = (
				A911C1F61BCDD38E00E69070 /* Calculator-Array-Points */,
			);
		};
/* End PBXProject section */

/* Begin PBXSourcesBuildPhase section */
		A911C1F31BCDD38E00E69070 /* Sources */ = {
			isa = PBXSourcesBuildPhase;
			buildActionMask = 2147483647;
			files = (
				A911C1FB1BCDD38E00E69070 /* main.swift in Sources */,
			);
			runOnlyForDeploymentPostprocessing = 0;
		};
/* End PBXSourcesBuildPhase section */

/* Begin XCBuildConfiguration section */
		A911C1FC1BCDD38E00E69070 /* Debug */ = {
			isa = XCBuildConfiguration;
			buildSettings = {
				ALWAYS_SEARCH_USER_PATHS = NO;
				CLANG_CXX_LANGUAGE_STANDARD = "gnu++0x";
				CLANG_CXX_LIBRARY = "libc++";
				CLANG_ENABLE_MODULES = YES;
				CLANG_ENABLE_OBJC_ARC = YES;
				CLANG_WARN_BOOL_CONVERSION = YES;
				CLANG_WARN_CONSTANT_CONVERSION = YES;
				CLANG_WARN_DIRECT_OBJC_ISA_USAGE = YES_ERROR;
				CLANG_WARN_EMPTY_BODY = YES;
				CLANG_WARN_ENUM_CONVERSION = YES;
				CLANG_WARN_INT_CONVERSION = YES;
				CLANG_WARN_OBJC_ROOT_CLASS = YES_ERROR;
				CLANG_WARN_UNREACHABLE_CODE = YES;
				CLANG_WARN__DUPLICATE_METHOD_MATCH = YES;
				COPY_PHASE_STRIP = NO;
				DEBUG_INFORMATION_FORMAT = dwarf;
				ENABLE_STRICT_OBJC_MSGSEND = YES;
				ENABLE_TESTABILITY = YES;
				GCC_C_LANGUAGE_STANDARD = gnu99;
				GCC_DYNAMIC_NO_PIC = NO;
				GCC_NO_COMMON_BLOCKS = YES;
				GCC_OPTIMIZATION_LEVEL = 0;
				GCC_PREPROCESSOR_DEFINITIONS = (
					"DEBUG=1",
					"$(inherited)",
				);
				GCC_WARN_64_TO_32_BIT_CONVERSION = YES;
				GCC_WARN_ABOUT_RETURN_TYPE = YES_ERROR;
				GCC_WARN_UNDECLARED_SELECTOR = YES;
				GCC_WARN_UNINITIALIZED_AUTOS = YES_AGGRESSIVE;
				GCC_WARN_UNUSED_FUNCTION = YES;
				GCC_WARN_UNUSED_VARIABLE = YES;
				MACOSX_DEPLOYMENT_TARGET = 10.10;
				MTL_ENABLE_DEBUG_INFO = YES;
				ONLY_ACTIVE_ARCH = YES;
				SDKROOT = macosx;
				SWIFT_OPTIMIZATION_LEVEL = "-Onone";
			};
			name = Debug;
		};
		A911C1FD1BCDD38E00E69070 /* Release */ = {
			isa = XCBuildConfiguration;
			buildSettings = {
				ALWAYS_SEARCH_USER_PATHS = NO;
				CLANG_CXX_LANGUAGE_STANDARD = "gnu++0x";
				CLANG_CXX_LIBRARY = "libc++";
				CLANG_ENABLE_MODULES = YES;
				CLANG_ENABLE_OBJC_ARC = YES;
				CLANG_WARN_BOOL_CONVERSION = YES;
				CLANG_WARN_CONSTANT_CONVERSION = YES;
				CLANG_WARN_DIRECT_OBJC_ISA_USAGE = YES_ERROR;
				CLANG_WARN_EMPTY_BODY = YES;
				CLANG_WARN_ENUM_CONVERSION = YES;
				CLANG_WARN_INT_CONVERSION = YES;
				CLANG_WARN_OBJC_ROOT_CLASS = YES_ERROR;
				CLANG_WARN_UNREACHABLE_CODE = YES;
				CLANG_WARN__DUPLICATE_METHOD_MATCH = YES;
				COPY_PHASE_STRIP = NO;
				DEBUG_INFORMATION_FORMAT = "dwarf-with-dsym";
				ENABLE_NS_ASSERTIONS = NO;
				ENABLE_STRICT_OBJC_MSGSEND = YES;
				GCC_C_LANGUAGE_STANDARD = gnu99;
				GCC_NO_COMMON_BLOCKS = YES;
				GCC_WARN_64_TO_32_BIT_CONVERSION = YES;
				GCC_WARN_ABOUT_RETURN_TYPE = YES_ERROR;
				GCC_WARN_UNDECLARED_SELECTOR = YES;
				GCC_WARN_UNINITIALIZED_AUTOS = YES_AGGRESSIVE;
				GCC_WARN_UNUSED_FUNCTION = YES;
				GCC_WARN_UNUSED_VARIABLE = YES;
				MACOSX_DEPLOYMENT_TARGET = 10.10;
				MTL_ENABLE_DEBUG_INFO = NO;
				SDKROOT = macosx;
			};
			name = Release;
		};
		A911C1FF1BCDD38E00E69070 /* Debug */ = {
			isa = XCBuildConfiguration;
			buildSettings = {
				PRODUCT_NAME = "$(TARGET_NAME)";
			};
			name = Debug;
		};
		A911C2001BCDD38E00E69070 /* Release */ = {
			isa = XCBuildConfiguration;
			buildSettings = {
				PRODUCT_NAME = "$(TARGET_NAME)";
			};
			name = Release;
		};
/* End XCBuildConfiguration section */

/* Begin XCConfigurationList section */
		A911C1F21BCDD38E00E69070 /* Build configuration list for PBXProject "Calculator-Array-Points" */ = {
			isa = XCConfigurationList;
			buildConfigurations = (
				A911C1FC1BCDD38E00E69070 /* Debug */,
				A911C1FD1BCDD38E00E69070 /* Release */,
			);
			defaultConfigurationIsVisible = 0;
			defaultConfigurationName = Release;
		};
		A911C1FE1BCDD38E00E69070 /* Build configuration list for PBXNativeTarget "Calculator-Array-Points" */ = {
			isa = XCConfigurationList;
			buildConfigurations = (
				A911C1FF1BCDD38E00E69070 /* Debug */,
				A911C2001BCDD38E00E69070 /* Release */,
			);
			defaultConfigurationIsVisible = 0;
		};
/* End XCConfigurationList section */
	};
	rootObject = A911C1EF1BCDD38E00E69070 /* Project object */;
}
